
Microsoft Visual Studio Solution File, Format Version 12.00
# Visual Studio 15
VisualStudioVersion = 15.0.27428.2037
MinimumVisualStudioVersion = 10.0.40219.1
Project("{FAE04EC0-301F-11D3-BF4B-00C04F79EFBC}") = "SDJ3-3rd-tier", "SDJ3-3rd-tier\SDJ3-3rd-tier.csproj", "{81FADFC9-7325-472A-921B-497E86097CCE}"
EndProject
Global
	GlobalSection(SolutionConfigurationPlatforms) = preSolution
		Debug|Any CPU = Debug|Any CPU
		Release|Any CPU = Release|Any CPU
	EndGlobalSection
	GlobalSection(ProjectConfigurationPlatforms) = postSolution
		{81FADFC9-7325-472A-921B-497E86097CCE}.Debug|Any CPU.ActiveCfg = Debug|Any CPU
		{81FADFC9-7325-472A-921B-497E86097CCE}.Debug|Any CPU.Build.0 = Debug|Any CPU
		{81FADFC9-7325-472A-921B-497E86097CCE}.Release|Any CPU.ActiveCfg = Release|Any CPU
		{81FADFC9-7325-472A-921B-497E86097CCE}.Release|Any CPU.Build.0 = Release|Any CPU
	EndGlobalSection
	GlobalSection(SolutionProperties) = preSolution
		HideSolutionNode = FALSE
	EndGlobalSection
	GlobalSection(ExtensibilityGlobals) = postSolution
		SolutionGuid = {279B7CA6-34CE-4C6F-88F5-B4C13AC681B1}
	EndGlobalSection
EndGlobal
